
Microsoft Visual Studio Solution File, Format Version 12.00
# Visual Studio Version 16
VisualStudioVersion = 16.0.30114.105
MinimumVisualStudioVersion = 10.0.40219.1
Project("{FAE04EC0-301F-11D3-BF4B-00C04F79EFBC}") = "Game", "Game\Game.csproj", "{1FAC6099-D47C-44EC-986E-13B24F9B257B}"
EndProject
Project("{FAE04EC0-301F-11D3-BF4B-00C04F79EFBC}") = "Game.Tests", "Game.Tests\Game.Tests.csproj", "{32A1B215-3FF0-4656-B663-16B1027E690D}"
EndProject
Global
	GlobalSection(SolutionConfigurationPlatforms) = preSolution
		Debug|Any CPU = Debug|Any CPU
		Release|Any CPU = Release|Any CPU
	EndGlobalSection
	GlobalSection(SolutionProperties) = preSolution
		HideSolutionNode = FALSE
	EndGlobalSection
	GlobalSection(ProjectConfigurationPlatforms) = postSolution
		{1FAC6099-D47C-44EC-986E-13B24F9B257B}.Debug|Any CPU.ActiveCfg = Debug|Any CPU
		{1FAC6099-D47C-44EC-986E-13B24F9B257B}.Debug|Any CPU.Build.0 = Debug|Any CPU
		{1FAC6099-D47C-44EC-986E-13B24F9B257B}.Release|Any CPU.ActiveCfg = Release|Any CPU
		{1FAC6099-D47C-44EC-986E-13B24F9B257B}.Release|Any CPU.Build.0 = Release|Any CPU
		{32A1B215-3FF0-4656-B663-16B1027E690D}.Debug|Any CPU.ActiveCfg = Debug|Any CPU
		{32A1B215-3FF0-4656-B663-16B1027E690D}.Debug|Any CPU.Build.0 = Debug|Any CPU
		{32A1B215-3FF0-4656-B663-16B1027E690D}.Release|Any CPU.ActiveCfg = Release|Any CPU
		{32A1B215-3FF0-4656-B663-16B1027E690D}.Release|Any CPU.Build.0 = Release|Any CPU
	EndGlobalSection
EndGlobal
